
Microsoft Visual Studio Solution File, Format Version 12.00
# Visual Studio Version 17
VisualStudioVersion = 17.3.32929.385
MinimumVisualStudioVersion = 10.0.40219.1
Project("{FAE04EC0-301F-11D3-BF4B-00C04F79EFBC}") = "TurtleKit23", "TurtleKit23\TurtleKit23.csproj", "{CCD58048-C224-4B57-BEF7-CA2E393123B5}"
EndProject
Global
	GlobalSection(SolutionConfigurationPlatforms) = preSolution
		Debug|Any CPU = Debug|Any CPU
		Release|Any CPU = Release|Any CPU
	EndGlobalSection
	GlobalSection(ProjectConfigurationPlatforms) = postSolution
		{DEE89D86-6EE0-4A79-88ED-25C4F1F3680B}.Debug|Any CPU.ActiveCfg = Debug|Any CPU
		{DEE89D86-6EE0-4A79-88ED-25C4F1F3680B}.Debug|Any CPU.Build.0 = Debug|Any CPU
		{DEE89D86-6EE0-4A79-88ED-25C4F1F3680B}.Release|Any CPU.ActiveCfg = Release|Any CPU
		{DEE89D86-6EE0-4A79-88ED-25C4F1F3680B}.Release|Any CPU.Build.0 = Release|Any CPU
		{433A43DF-2018-4F1D-9844-DA668CCD5B64}.Debug|Any CPU.ActiveCfg = Debug|Any CPU
		{433A43DF-2018-4F1D-9844-DA668CCD5B64}.Debug|Any CPU.Build.0 = Debug|Any CPU
		{433A43DF-2018-4F1D-9844-DA668CCD5B64}.Release|Any CPU.ActiveCfg = Release|Any CPU
		{433A43DF-2018-4F1D-9844-DA668CCD5B64}.Release|Any CPU.Build.0 = Release|Any CPU
		{CCD58048-C224-4B57-BEF7-CA2E393123B5}.Debug|Any CPU.ActiveCfg = Debug|Any CPU
		{CCD58048-C224-4B57-BEF7-CA2E393123B5}.Debug|Any CPU.Build.0 = Debug|Any CPU
		{CCD58048-C224-4B57-BEF7-CA2E393123B5}.Release|Any CPU.ActiveCfg = Release|Any CPU
		{CCD58048-C224-4B57-BEF7-CA2E393123B5}.Release|Any CPU.Build.0 = Release|Any CPU
	EndGlobalSection
	GlobalSection(SolutionProperties) = preSolution
		HideSolutionNode = FALSE
	EndGlobalSection
	GlobalSection(ExtensibilityGlobals) = postSolution
		SolutionGuid = {8D669BC8-DA3F-4A12-8338-D79AF55CA674}
	EndGlobalSection
EndGlobal
